# Generated by move; do not edit
# This file should be checked in.

[move]
version = 4

[pinned.testnet.MoveStdlib]
source = { git = "https://github.com/Mystenlabs/sui.git", subdir = "crates/sui-framework/packages/move-stdlib", rev = "46f18562f1f5af2438d35828e8b62d5e0b972db7" }
use_environment = "testnet"
manifest_digest = "C4FE4C91DE74CBF223B2E380AE40F592177D21870DC2D7EB6227D2D694E05363"
deps = {}

[pinned.testnet.Sui]
source = { git = "https://github.com/Mystenlabs/sui.git", subdir = "crates/sui-framework/packages/sui-framework", rev = "46f18562f1f5af2438d35828e8b62d5e0b972db7" }
use_environment = "testnet"
manifest_digest = "7AFB66695545775FBFBB2D3078ADFD084244D5002392E837FDE21D9EA1C6D01C"
deps = { MoveStdlib = "MoveStdlib" }

[pinned.testnet.hello_world]
source = { root = true }
use_environment = "testnet"
manifest_digest = "4C27CDF24883FDDA90F2BCAD014BCFEDEAE195D8B1508F6B1AF9EFC57FE8CC99"
deps = { Sui = "Sui" }
